
Microsoft Visual Studio Solution File, Format Version 12.00
# Visual Studio 15
VisualStudioVersion = 15.0.27703.2047
MinimumVisualStudioVersion = 10.0.40219.1
Project("{FAE04EC0-301F-11D3-BF4B-00C04F79EFBC}") = "blogModel", "blogModel\blogModel.csproj", "{EA66446D-42C7-4A9A-8D1A-07C4049DF6C3}"
EndProject
Project("{FAE04EC0-301F-11D3-BF4B-00C04F79EFBC}") = "blogDAO", "blogDAO\blogDAO.csproj", "{FA2BC4FA-524A-4BAE-89AE-1571DDD681F5}"
EndProject
Project("{FAE04EC0-301F-11D3-BF4B-00C04F79EFBC}") = "Principal", "Principal\Principal.csproj", "{0426CF2F-50DF-4699-BBD2-AA8ACC85616A}"
EndProject
Project("{FAE04EC0-301F-11D3-BF4B-00C04F79EFBC}") = "blogServico", "blogServico\blogServico.csproj", "{FCC38D09-7768-46E1-A551-CE1750445C0C}"
EndProject
Project("{FAE04EC0-301F-11D3-BF4B-00C04F79EFBC}") = "blogWeb", "blogWeb\blogWeb.csproj", "{73DC2DBA-8AA9-4CA4-84B4-5D82014C14B1}"
EndProject
Global
	GlobalSection(SolutionConfigurationPlatforms) = preSolution
		Debug|Any CPU = Debug|Any CPU
		Release|Any CPU = Release|Any CPU
	EndGlobalSection
	GlobalSection(ProjectConfigurationPlatforms) = postSolution
		{EA66446D-42C7-4A9A-8D1A-07C4049DF6C3}.Debug|Any CPU.ActiveCfg = Debug|Any CPU
		{EA66446D-42C7-4A9A-8D1A-07C4049DF6C3}.Debug|Any CPU.Build.0 = Debug|Any CPU
		{EA66446D-42C7-4A9A-8D1A-07C4049DF6C3}.Release|Any CPU.ActiveCfg = Release|Any CPU
		{EA66446D-42C7-4A9A-8D1A-07C4049DF6C3}.Release|Any CPU.Build.0 = Release|Any CPU
		{FA2BC4FA-524A-4BAE-89AE-1571DDD681F5}.Debug|Any CPU.ActiveCfg = Debug|Any CPU
		{FA2BC4FA-524A-4BAE-89AE-1571DDD681F5}.Debug|Any CPU.Build.0 = Debug|Any CPU
		{FA2BC4FA-524A-4BAE-89AE-1571DDD681F5}.Release|Any CPU.ActiveCfg = Release|Any CPU
		{FA2BC4FA-524A-4BAE-89AE-1571DDD681F5}.Release|Any CPU.Build.0 = Release|Any CPU
		{0426CF2F-50DF-4699-BBD2-AA8ACC85616A}.Debug|Any CPU.ActiveCfg = Debug|Any CPU
		{0426CF2F-50DF-4699-BBD2-AA8ACC85616A}.Debug|Any CPU.Build.0 = Debug|Any CPU
		{0426CF2F-50DF-4699-BBD2-AA8ACC85616A}.Release|Any CPU.ActiveCfg = Release|Any CPU
		{0426CF2F-50DF-4699-BBD2-AA8ACC85616A}.Release|Any CPU.Build.0 = Release|Any CPU
		{FCC38D09-7768-46E1-A551-CE1750445C0C}.Debug|Any CPU.ActiveCfg = Debug|Any CPU
		{FCC38D09-7768-46E1-A551-CE1750445C0C}.Debug|Any CPU.Build.0 = Debug|Any CPU
		{FCC38D09-7768-46E1-A551-CE1750445C0C}.Release|Any CPU.ActiveCfg = Release|Any CPU
		{FCC38D09-7768-46E1-A551-CE1750445C0C}.Release|Any CPU.Build.0 = Release|Any CPU
		{73DC2DBA-8AA9-4CA4-84B4-5D82014C14B1}.Debug|Any CPU.ActiveCfg = Debug|Any CPU
		{73DC2DBA-8AA9-4CA4-84B4-5D82014C14B1}.Debug|Any CPU.Build.0 = Debug|Any CPU
		{73DC2DBA-8AA9-4CA4-84B4-5D82014C14B1}.Release|Any CPU.ActiveCfg = Release|Any CPU
		{73DC2DBA-8AA9-4CA4-84B4-5D82014C14B1}.Release|Any CPU.Build.0 = Release|Any CPU
	EndGlobalSection
	GlobalSection(SolutionProperties) = preSolution
		HideSolutionNode = FALSE
	EndGlobalSection
	GlobalSection(ExtensibilityGlobals) = postSolution
		SolutionGuid = {9458B18B-E03E-4DF7-95A5-7CB5221FA6B1}
	EndGlobalSection
EndGlobal
